
Microsoft Visual Studio Solution File, Format Version 12.00
# Visual Studio 15
VisualStudioVersion = 15.0.26730.12
MinimumVisualStudioVersion = 10.0.40219.1
Project("{2150E333-8FDC-42A3-9474-1A3956D46DE8}") = "src", "src", "{26CB6DEE-20E6-4D07-86B2-B454B4942040}"
EndProject
Project("{9A19103F-16F7-4668-BE54-9A1E7A4F7556}") = "Simples", "src\Simples\Simples.csproj", "{2B9226AB-1996-4004-9E81-7DB0441A310F}"
EndProject
Project("{2150E333-8FDC-42A3-9474-1A3956D46DE8}") = "Solution Items", "Solution Items", "{7F40FC85-D2E8-4E80-BFAD-473BD5EA4AF6}"
	ProjectSection(SolutionItems) = preProject
		.gitignore = .gitignore
		LICENSE = LICENSE
		README.md = README.md
	EndProjectSection
EndProject
Project("{2150E333-8FDC-42A3-9474-1A3956D46DE8}") = "tests", "tests", "{9891E606-B0B4-4D12-899F-114D95A16F3E}"
EndProject
Project("{FAE04EC0-301F-11D3-BF4B-00C04F79EFBC}") = "SimplesTests", "tests\SimplesTests\SimplesTests.csproj", "{C3BB7635-D83B-489F-9CF7-F9A02787F0A9}"
EndProject
Global
	GlobalSection(SolutionConfigurationPlatforms) = preSolution
		Debug|Any CPU = Debug|Any CPU
		Release|Any CPU = Release|Any CPU
	EndGlobalSection
	GlobalSection(ProjectConfigurationPlatforms) = postSolution
		{2B9226AB-1996-4004-9E81-7DB0441A310F}.Debug|Any CPU.ActiveCfg = Debug|Any CPU
		{2B9226AB-1996-4004-9E81-7DB0441A310F}.Debug|Any CPU.Build.0 = Debug|Any CPU
		{2B9226AB-1996-4004-9E81-7DB0441A310F}.Release|Any CPU.ActiveCfg = Release|Any CPU
		{2B9226AB-1996-4004-9E81-7DB0441A310F}.Release|Any CPU.Build.0 = Release|Any CPU
		{C3BB7635-D83B-489F-9CF7-F9A02787F0A9}.Debug|Any CPU.ActiveCfg = Debug|Any CPU
		{C3BB7635-D83B-489F-9CF7-F9A02787F0A9}.Debug|Any CPU.Build.0 = Debug|Any CPU
		{C3BB7635-D83B-489F-9CF7-F9A02787F0A9}.Release|Any CPU.ActiveCfg = Release|Any CPU
		{C3BB7635-D83B-489F-9CF7-F9A02787F0A9}.Release|Any CPU.Build.0 = Release|Any CPU
	EndGlobalSection
	GlobalSection(SolutionProperties) = preSolution
		HideSolutionNode = FALSE
	EndGlobalSection
	GlobalSection(NestedProjects) = preSolution
		{2B9226AB-1996-4004-9E81-7DB0441A310F} = {26CB6DEE-20E6-4D07-86B2-B454B4942040}
		{C3BB7635-D83B-489F-9CF7-F9A02787F0A9} = {9891E606-B0B4-4D12-899F-114D95A16F3E}
	EndGlobalSection
	GlobalSection(ExtensibilityGlobals) = postSolution
		SolutionGuid = {5C71558C-5301-4CB5-A583-EF3E23EA7D09}
	EndGlobalSection
EndGlobal
